
Microsoft Visual Studio Solution File, Format Version 12.00
# Visual Studio Version 17
VisualStudioVersion = 17.12.35527.113 d17.12
MinimumVisualStudioVersion = 10.0.40219.1
Project("{FAE04EC0-301F-11D3-BF4B-00C04F79EFBC}") = "Talabat.APIs", "Talabat.APIs\Talabat.APIs.csproj", "{AD7E1FFB-2F2B-41C1-8786-96F1C0050D85}"
EndProject
Project("{FAE04EC0-301F-11D3-BF4B-00C04F79EFBC}") = "Talabat.Core", "Talabat.Core\Talabat.Core.csproj", "{8B72C1C0-54C1-4501-890E-5E85E415D65E}"
EndProject
Project("{FAE04EC0-301F-11D3-BF4B-00C04F79EFBC}") = "Talabat.Repository", "Talabat.Repository\Talabat.Repository.csproj", "{0C093465-42FC-4C75-A2A0-ABE1BDA7D7FD}"
EndProject
Project("{FAE04EC0-301F-11D3-BF4B-00C04F79EFBC}") = "Talabat.Service", "Talabat.Service\Talabat.Service.csproj", "{8BC603CF-1CD3-4454-BFE5-889051F14E73}"
EndProject
Global
	GlobalSection(SolutionConfigurationPlatforms) = preSolution
		Debug|Any CPU = Debug|Any CPU
		Release|Any CPU = Release|Any CPU
	EndGlobalSection
	GlobalSection(ProjectConfigurationPlatforms) = postSolution
		{AD7E1FFB-2F2B-41C1-8786-96F1C0050D85}.Debug|Any CPU.ActiveCfg = Debug|Any CPU
		{AD7E1FFB-2F2B-41C1-8786-96F1C0050D85}.Debug|Any CPU.Build.0 = Debug|Any CPU
		{AD7E1FFB-2F2B-41C1-8786-96F1C0050D85}.Release|Any CPU.ActiveCfg = Release|Any CPU
		{AD7E1FFB-2F2B-41C1-8786-96F1C0050D85}.Release|Any CPU.Build.0 = Release|Any CPU
		{8B72C1C0-54C1-4501-890E-5E85E415D65E}.Debug|Any CPU.ActiveCfg = Debug|Any CPU
		{8B72C1C0-54C1-4501-890E-5E85E415D65E}.Debug|Any CPU.Build.0 = Debug|Any CPU
		{8B72C1C0-54C1-4501-890E-5E85E415D65E}.Release|Any CPU.ActiveCfg = Release|Any CPU
		{8B72C1C0-54C1-4501-890E-5E85E415D65E}.Release|Any CPU.Build.0 = Release|Any CPU
		{0C093465-42FC-4C75-A2A0-ABE1BDA7D7FD}.Debug|Any CPU.ActiveCfg = Debug|Any CPU
		{0C093465-42FC-4C75-A2A0-ABE1BDA7D7FD}.Debug|Any CPU.Build.0 = Debug|Any CPU
		{0C093465-42FC-4C75-A2A0-ABE1BDA7D7FD}.Release|Any CPU.ActiveCfg = Release|Any CPU
		{0C093465-42FC-4C75-A2A0-ABE1BDA7D7FD}.Release|Any CPU.Build.0 = Release|Any CPU
		{8BC603CF-1CD3-4454-BFE5-889051F14E73}.Debug|Any CPU.ActiveCfg = Debug|Any CPU
		{8BC603CF-1CD3-4454-BFE5-889051F14E73}.Debug|Any CPU.Build.0 = Debug|Any CPU
		{8BC603CF-1CD3-4454-BFE5-889051F14E73}.Release|Any CPU.ActiveCfg = Release|Any CPU
		{8BC603CF-1CD3-4454-BFE5-889051F14E73}.Release|Any CPU.Build.0 = Release|Any CPU
	EndGlobalSection
	GlobalSection(SolutionProperties) = preSolution
		HideSolutionNode = FALSE
	EndGlobalSection
EndGlobal
